
Microsoft Visual Studio Solution File, Format Version 12.00
# Visual Studio 15
Project("{FAE04EC0-301F-11D3-BF4B-00C04F79EFBC}") = "LWTech.JoanPoon.Assignment6", "LWTech.JoanPoon.Assignment6\LWTech.JoanPoon.Assignment6.csproj", "{38488320-20EC-484F-872C-4E832C4518DA}"
EndProject
Global
	GlobalSection(SolutionConfigurationPlatforms) = preSolution
		Debug|Any CPU = Debug|Any CPU
		Release|Any CPU = Release|Any CPU
	EndGlobalSection
	GlobalSection(ProjectConfigurationPlatforms) = postSolution
		{38488320-20EC-484F-872C-4E832C4518DA}.Debug|Any CPU.ActiveCfg = Debug|Any CPU
		{38488320-20EC-484F-872C-4E832C4518DA}.Debug|Any CPU.Build.0 = Debug|Any CPU
		{38488320-20EC-484F-872C-4E832C4518DA}.Release|Any CPU.ActiveCfg = Release|Any CPU
		{38488320-20EC-484F-872C-4E832C4518DA}.Release|Any CPU.Build.0 = Release|Any CPU
	EndGlobalSection
EndGlobal
