
Microsoft Visual Studio Solution File, Format Version 12.00
# Visual Studio 15
Project("{FAE04EC0-301F-11D3-BF4B-00C04F79EFBC}") = "LWTech.JoanPoon.KnightTour", "LWTech.JoanPoon.KnightTour\LWTech.JoanPoon.KnightTour.csproj", "{B55A7499-04FF-4397-8412-4CB07C357103}"
EndProject
Global
	GlobalSection(SolutionConfigurationPlatforms) = preSolution
		Debug|Any CPU = Debug|Any CPU
		Release|Any CPU = Release|Any CPU
	EndGlobalSection
	GlobalSection(ProjectConfigurationPlatforms) = postSolution
		{B55A7499-04FF-4397-8412-4CB07C357103}.Debug|Any CPU.ActiveCfg = Debug|Any CPU
		{B55A7499-04FF-4397-8412-4CB07C357103}.Debug|Any CPU.Build.0 = Debug|Any CPU
		{B55A7499-04FF-4397-8412-4CB07C357103}.Release|Any CPU.ActiveCfg = Release|Any CPU
		{B55A7499-04FF-4397-8412-4CB07C357103}.Release|Any CPU.Build.0 = Release|Any CPU
	EndGlobalSection
EndGlobal
